// !$*UTF8*$!
{
	archiveVersion = 1;
	classes = {
	};
	objectVersion = 46;
	objects = {

/* Begin PBXBuildFile section */
		F319B5782070638800882AC8 /* ViewControllerEdit.swift in Sources */ = {isa = PBXBuildFile; fileRef = F319B5772070638800882AC8 /* ViewControllerEdit.swift */; };
		F319B57A20708D8F00882AC8 /* BucketList.swift in Sources */ = {isa = PBXBuildFile; fileRef = F319B57920708D8F00882AC8 /* BucketList.swift */; };
		F319B57C2070910100882AC8 /* ListItem.swift in Sources */ = {isa = PBXBuildFile; fileRef = F319B57B2070910100882AC8 /* ListItem.swift */; };
		F31A8D4D20705B830021406F /* AppDelegate.swift in Sources */ = {isa = PBXBuildFile; fileRef = F31A8D4C20705B830021406F /* AppDelegate.swift */; };
		F31A8D4F20705B830021406F /* ViewController.swift in Sources */ = {isa = PBXBuildFile; fileRef = F31A8D4E20705B830021406F /* ViewController.swift */; };
		F31A8D5220705B830021406F /* Main.storyboard in Resources */ = {isa = PBXBuildFile; fileRef = F31A8D5020705B830021406F /* Main.storyboard */; };
		F31A8D5420705B830021406F /* Assets.xcassets in Resources */ = {isa = PBXBuildFile; fileRef = F31A8D5320705B830021406F /* Assets.xcassets */; };
		F31A8D5720705B830021406F /* LaunchScreen.storyboard in Resources */ = {isa = PBXBuildFile; fileRef = F31A8D5520705B830021406F /* LaunchScreen.storyboard */; };
		F31A8D6220705B830021406F /* BuckItTests.swift in Sources */ = {isa = PBXBuildFile; fileRef = F31A8D6120705B830021406F /* BuckItTests.swift */; };
		F31A8D6D20705B840021406F /* BuckItUITests.swift in Sources */ = {isa = PBXBuildFile; fileRef = F31A8D6C20705B840021406F /* BuckItUITests.swift */; };
/* End PBXBuildFile section */

/* Begin PBXContainerItemProxy section */
		F31A8D5E20705B830021406F /* PBXContainerItemProxy */ = {
			isa = PBXContainerItemProxy;
			containerPortal = F31A8D4120705B830021406F /* Project object */;
			proxyType = 1;
			remoteGlobalIDString = F31A8D4820705B830021406F;
			remoteInfo = BuckIt;
		};
		F31A8D6920705B840021406F /* PBXContainerItemProxy */ = {
			isa = PBXContainerItemProxy;
			containerPortal = F31A8D4120705B830021406F /* Project object */;
			proxyType = 1;
			remoteGlobalIDString = F31A8D4820705B830021406F;
			remoteInfo = BuckIt;
		};
/* End PBXContainerItemProxy section */

/* Begin PBXFileReference section */
		F319B5772070638800882AC8 /* ViewControllerEdit.swift */ = {isa = PBXFileReference; fileEncoding = 4; lastKnownFileType = sourcecode.swift; name = ViewControllerEdit.swift; path = ../ViewControllerEdit.swift; sourceTree = "<group>"; };
		F319B57920708D8F00882AC8 /* BucketList.swift */ = {isa = PBXFileReference; fileEncoding = 4; lastKnownFileType = sourcecode.swift; path = BucketList.swift; sourceTree = "<group>"; };
		F319B57B2070910100882AC8 /* ListItem.swift */ = {isa = PBXFileReference; fileEncoding = 4; lastKnownFileType = sourcecode.swift; path = ListItem.swift; sourceTree = "<group>"; };
		F31A8D4920705B830021406F /* BuckIt.app */ = {isa = PBXFileReference; explicitFileType = wrapper.application; includeInIndex = 0; path = BuckIt.app; sourceTree = BUILT_PRODUCTS_DIR; };
		F31A8D4C20705B830021406F /* AppDelegate.swift */ = {isa = PBXFileReference; lastKnownFileType = sourcecode.swift; path = AppDelegate.swift; sourceTree = "<group>"; };
		F31A8D4E20705B830021406F /* ViewController.swift */ = {isa = PBXFileReference; lastKnownFileType = sourcecode.swift; path = ViewController.swift; sourceTree = "<group>"; };
		F31A8D5120705B830021406F /* Base */ = {isa = PBXFileReference; lastKnownFileType = file.storyboard; name = Base; path = Base.lproj/Main.storyboard; sourceTree = "<group>"; };
		F31A8D5320705B830021406F /* Assets.xcassets */ = {isa = PBXFileReference; lastKnownFileType = folder.assetcatalog; path = Assets.xcassets; sourceTree = "<group>"; };
		F31A8D5620705B830021406F /* Base */ = {isa = PBXFileReference; lastKnownFileType = file.storyboard; name = Base; path = Base.lproj/LaunchScreen.storyboard; sourceTree = "<group>"; };
		F31A8D5820705B830021406F /* Info.plist */ = {isa = PBXFileReference; lastKnownFileType = text.plist.xml; path = Info.plist; sourceTree = "<group>"; };
		F31A8D5D20705B830021406F /* BuckItTests.xctest */ = {isa = PBXFileReference; explicitFileType = wrapper.cfbundle; includeInIndex = 0; path = BuckItTests.xctest; sourceTree = BUILT_PRODUCTS_DIR; };
		F31A8D6120705B830021406F /* BuckItTests.swift */ = {isa = PBXFileReference; lastKnownFileType = sourcecode.swift; path = BuckItTests.swift; sourceTree = "<group>"; };
		F31A8D6320705B830021406F /* Info.plist */ = {isa = PBXFileReference; lastKnownFileType = text.plist.xml; path = Info.plist; sourceTree = "<group>"; };
		F31A8D6820705B840021406F /* BuckItUITests.xctest */ = {isa = PBXFileReference; explicitFileType = wrapper.cfbundle; includeInIndex = 0; path = BuckItUITests.xctest; sourceTree = BUILT_PRODUCTS_DIR; };
		F31A8D6C20705B840021406F /* BuckItUITests.swift */ = {isa = PBXFileReference; lastKnownFileType = sourcecode.swift; path = BuckItUITests.swift; sourceTree = "<group>"; };
		F31A8D6E20705B840021406F /* Info.plist */ = {isa = PBXFileReference; lastKnownFileType = text.plist.xml; path = Info.plist; sourceTree = "<group>"; };
/* End PBXFileReference section */

/* Begin PBXFrameworksBuildPhase section */
		F31A8D4620705B830021406F /* Frameworks */ = {
			isa = PBXFrameworksBuildPhase;
			buildActionMask = 2147483647;
			files = (
			);
			runOnlyForDeploymentPostprocessing = 0;
		};
		F31A8D5A20705B830021406F /* Frameworks */ = {
			isa = PBXFrameworksBuildPhase;
			buildActionMask = 2147483647;
			files = (
			);
			runOnlyForDeploymentPostprocessing = 0;
		};
		F31A8D6520705B840021406F /* Frameworks */ = {
			isa = PBXFrameworksBuildPhase;
			buildActionMask = 2147483647;
			files = (
			);
			runOnlyForDeploymentPostprocessing = 0;
		};
/* End PBXFrameworksBuildPhase section */

/* Begin PBXGroup section */
		F31A8D4020705B830021406F = {
			isa = PBXGroup;
			children = (
				F31A8D4B20705B830021406F /* BuckIt */,
				F31A8D6020705B830021406F /* BuckItTests */,
				F31A8D6B20705B840021406F /* BuckItUITests */,
				F31A8D4A20705B830021406F /* Products */,
			);
			sourceTree = "<group>";
		};
		F31A8D4A20705B830021406F /* Products */ = {
			isa = PBXGroup;
			children = (
				F31A8D4920705B830021406F /* BuckIt.app */,
				F31A8D5D20705B830021406F /* BuckItTests.xctest */,
				F31A8D6820705B840021406F /* BuckItUITests.xctest */,
			);
			name = Products;
			sourceTree = "<group>";
		};
		F31A8D4B20705B830021406F /* BuckIt */ = {
			isa = PBXGroup;
			children = (
				F31A8D4C20705B830021406F /* AppDelegate.swift */,
				F31A8D4E20705B830021406F /* ViewController.swift */,
				F319B5772070638800882AC8 /* ViewControllerEdit.swift */,
				F31A8D5020705B830021406F /* Main.storyboard */,
				F31A8D5320705B830021406F /* Assets.xcassets */,
				F31A8D5520705B830021406F /* LaunchScreen.storyboard */,
				F31A8D5820705B830021406F /* Info.plist */,
				F319B57920708D8F00882AC8 /* BucketList.swift */,
				F319B57B2070910100882AC8 /* ListItem.swift */,
			);
			path = BuckIt;
			sourceTree = "<group>";
		};
		F31A8D6020705B830021406F /* BuckItTests */ = {
			isa = PBXGroup;
			children = (
				F31A8D6120705B830021406F /* BuckItTests.swift */,
				F31A8D6320705B830021406F /* Info.plist */,
			);
			path = BuckItTests;
			sourceTree = "<group>";
		};
		F31A8D6B20705B840021406F /* BuckItUITests */ = {
			isa = PBXGroup;
			children = (
				F31A8D6C20705B840021406F /* BuckItUITests.swift */,
				F31A8D6E20705B840021406F /* Info.plist */,
			);
			path = BuckItUITests;
			sourceTree = "<group>";
		};
/* End PBXGroup section */

/* Begin PBXNativeTarget section */
		F31A8D4820705B830021406F /* BuckIt */ = {
			isa = PBXNativeTarget;
			buildConfigurationList = F31A8D7120705B840021406F /* Build configuration list for PBXNativeTarget "BuckIt" */;
			buildPhases = (
				F31A8D4520705B830021406F /* Sources */,
				F31A8D4620705B830021406F /* Frameworks */,
				F31A8D4720705B830021406F /* Resources */,
			);
			buildRules = (
			);
			dependencies = (
			);
			name = BuckIt;
			productName = BuckIt;
			productReference = F31A8D4920705B830021406F /* BuckIt.app */;
			productType = "com.apple.product-type.application";
		};
		F31A8D5C20705B830021406F /* BuckItTests */ = {
			isa = PBXNativeTarget;
			buildConfigurationList = F31A8D7420705B840021406F /* Build configuration list for PBXNativeTarget "BuckItTests" */;
			buildPhases = (
				F31A8D5920705B830021406F /* Sources */,
				F31A8D5A20705B830021406F /* Frameworks */,
				F31A8D5B20705B830021406F /* Resources */,
			);
			buildRules = (
			);
			dependencies = (
				F31A8D5F20705B830021406F /* PBXTargetDependency */,
			);
			name = BuckItTests;
			productName = BuckItTests;
			productReference = F31A8D5D20705B830021406F /* BuckItTests.xctest */;
			productType = "com.apple.product-type.bundle.unit-test";
		};
		F31A8D6720705B840021406F /* BuckItUITests */ = {
			isa = PBXNativeTarget;
			buildConfigurationList = F31A8D7720705B840021406F /* Build configuration list for PBXNativeTarget "BuckItUITests" */;
			buildPhases = (
				F31A8D6420705B840021406F /* Sources */,
				F31A8D6520705B840021406F /* Frameworks */,
				F31A8D6620705B840021406F /* Resources */,
			);
			buildRules = (
			);
			dependencies = (
				F31A8D6A20705B840021406F /* PBXTargetDependency */,
			);
			name = BuckItUITests;
			productName = BuckItUITests;
			productReference = F31A8D6820705B840021406F /* BuckItUITests.xctest */;
			productType = "com.apple.product-type.bundle.ui-testing";
		};
/* End PBXNativeTarget section */

/* Begin PBXProject section */
		F31A8D4120705B830021406F /* Project object */ = {
			isa = PBXProject;
			attributes = {
				LastSwiftUpdateCheck = 0820;
				LastUpgradeCheck = 0820;
				ORGANIZATIONNAME = "Joonhwa Kim";
				TargetAttributes = {
					F31A8D4820705B830021406F = {
						CreatedOnToolsVersion = 8.2.1;
						ProvisioningStyle = Automatic;
					};
					F31A8D5C20705B830021406F = {
						CreatedOnToolsVersion = 8.2.1;
						ProvisioningStyle = Automatic;
						TestTargetID = F31A8D4820705B830021406F;
					};
					F31A8D6720705B840021406F = {
						CreatedOnToolsVersion = 8.2.1;
						ProvisioningStyle = Automatic;
						TestTargetID = F31A8D4820705B830021406F;
					};
				};
			};
			buildConfigurationList = F31A8D4420705B830021406F /* Build configuration list for PBXProject "BuckIt" */;
			compatibilityVersion = "Xcode 3.2";
			developmentRegion = English;
			hasScannedForEncodings = 0;
			knownRegions = (
				en,
				Base,
			);
			mainGroup = F31A8D4020705B830021406F;
			productRefGroup = F31A8D4A20705B830021406F /* Products */;
			projectDirPath = "";
			projectRoot = "";
			targets = (
				F31A8D4820705B830021406F /* BuckIt */,
				F31A8D5C20705B830021406F /* BuckItTests */,
				F31A8D6720705B840021406F /* BuckItUITests */,
			);
		};
/* End PBXProject section */

/* Begin PBXResourcesBuildPhase section */
		F31A8D4720705B830021406F /* Resources */ = {
			isa = PBXResourcesBuildPhase;
			buildActionMask = 2147483647;
			files = (
				F31A8D5720705B830021406F /* LaunchScreen.storyboard in Resources */,
				F31A8D5420705B830021406F /* Assets.xcassets in Resources */,
				F31A8D5220705B830021406F /* Main.storyboard in Resources */,
			);
			runOnlyForDeploymentPostprocessing = 0;
		};
		F31A8D5B20705B830021406F /* Resources */ = {
			isa = PBXResourcesBuildPhase;
			buildActionMask = 2147483647;
			files = (
			);
			runOnlyForDeploymentPostprocessing = 0;
		};
		F31A8D6620705B840021406F /* Resources */ = {
			isa = PBXResourcesBuildPhase;
			buildActionMask = 2147483647;
			files = (
			);
			runOnlyForDeploymentPostprocessing = 0;
		};
/* End PBXResourcesBuildPhase section */

/* Begin PBXSourcesBuildPhase section */
		F31A8D4520705B830021406F /* Sources */ = {
			isa = PBXSourcesBuildPhase;
			buildActionMask = 2147483647;
			files = (
				F319B57C2070910100882AC8 /* ListItem.swift in Sources */,
				F31A8D4F20705B830021406F /* ViewController.swift in Sources */,
				F319B57A20708D8F00882AC8 /* BucketList.swift in Sources */,
				F31A8D4D20705B830021406F /* AppDelegate.swift in Sources */,
				F319B5782070638800882AC8 /* ViewControllerEdit.swift in Sources */,
			);
			runOnlyForDeploymentPostprocessing = 0;
		};
		F31A8D5920705B830021406F /* Sources */ = {
			isa = PBXSourcesBuildPhase;
			buildActionMask = 2147483647;
			files = (
				F31A8D6220705B830021406F /* BuckItTests.swift in Sources */,
			);
			runOnlyForDeploymentPostprocessing = 0;
		};
		F31A8D6420705B840021406F /* Sources */ = {
			isa = PBXSourcesBuildPhase;
			buildActionMask = 2147483647;
			files = (
				F31A8D6D20705B840021406F /* BuckItUITests.swift in Sources */,
			);
			runOnlyForDeploymentPostprocessing = 0;
		};
/* End PBXSourcesBuildPhase section */

/* Begin PBXTargetDependency section */
		F31A8D5F20705B830021406F /* PBXTargetDependency */ = {
			isa = PBXTargetDependency;
			target = F31A8D4820705B830021406F /* BuckIt */;
			targetProxy = F31A8D5E20705B830021406F /* PBXContainerItemProxy */;
		};
		F31A8D6A20705B840021406F /* PBXTargetDependency */ = {
			isa = PBXTargetDependency;
			target = F31A8D4820705B830021406F /* BuckIt */;
			targetProxy = F31A8D6920705B840021406F /* PBXContainerItemProxy */;
		};
/* End PBXTargetDependency section */

/* Begin PBXVariantGroup section */
		F31A8D5020705B830021406F /* Main.storyboard */ = {
			isa = PBXVariantGroup;
			children = (
				F31A8D5120705B830021406F /* Base */,
			);
			name = Main.storyboard;
			sourceTree = "<group>";
		};
		F31A8D5520705B830021406F /* LaunchScreen.storyboard */ = {
			isa = PBXVariantGroup;
			children = (
				F31A8D5620705B830021406F /* Base */,
			);
			name = LaunchScreen.storyboard;
			sourceTree = "<group>";
		};
/* End PBXVariantGroup section */

/* Begin XCBuildConfiguration section */
		F31A8D6F20705B840021406F /* Debug */ = {
			isa = XCBuildConfiguration;
			buildSettings = {
				ALWAYS_SEARCH_USER_PATHS = NO;
				CLANG_ANALYZER_NONNULL = YES;
				CLANG_CXX_LANGUAGE_STANDARD = "gnu++0x";
				CLANG_CXX_LIBRARY = "libc++";
				CLANG_ENABLE_MODULES = YES;
				CLANG_ENABLE_OBJC_ARC = YES;
				CLANG_WARN_BOOL_CONVERSION = YES;
				CLANG_WARN_CONSTANT_CONVERSION = YES;
				CLANG_WARN_DIRECT_OBJC_ISA_USAGE = YES_ERROR;
				CLANG_WARN_DOCUMENTATION_COMMENTS = YES;
				CLANG_WARN_EMPTY_BODY = YES;
				CLANG_WARN_ENUM_CONVERSION = YES;
				CLANG_WARN_INFINITE_RECURSION = YES;
				CLANG_WARN_INT_CONVERSION = YES;
				CLANG_WARN_OBJC_ROOT_CLASS = YES_ERROR;
				CLANG_WARN_SUSPICIOUS_MOVE = YES;
				CLANG_WARN_UNREACHABLE_CODE = YES;
				CLANG_WARN__DUPLICATE_METHOD_MATCH = YES;
				"CODE_SIGN_IDENTITY[sdk=iphoneos*]" = "iPhone Developer";
				COPY_PHASE_STRIP = NO;
				DEBUG_INFORMATION_FORMAT = dwarf;
				ENABLE_STRICT_OBJC_MSGSEND = YES;
				ENABLE_TESTABILITY = YES;
				GCC_C_LANGUAGE_STANDARD = gnu99;
				GCC_DYNAMIC_NO_PIC = NO;
				GCC_NO_COMMON_BLOCKS = YES;
				GCC_OPTIMIZATION_LEVEL = 0;
				GCC_PREPROCESSOR_DEFINITIONS = (
					"DEBUG=1",
					"$(inherited)",
				);
				GCC_WARN_64_TO_32_BIT_CONVERSION = YES;
				GCC_WARN_ABOUT_RETURN_TYPE = YES_ERROR;
				GCC_WARN_UNDECLARED_SELECTOR = YES;
				GCC_WARN_UNINITIALIZED_AUTOS = YES_AGGRESSIVE;
				GCC_WARN_UNUSED_FUNCTION = YES;
				GCC_WARN_UNUSED_VARIABLE = YES;
				IPHONEOS_DEPLOYMENT_TARGET = 10.2;
				MTL_ENABLE_DEBUG_INFO = YES;
				ONLY_ACTIVE_ARCH = YES;
				SDKROOT = iphoneos;
				SWIFT_ACTIVE_COMPILATION_CONDITIONS = DEBUG;
				SWIFT_OPTIMIZATION_LEVEL = "-Onone";
				TARGETED_DEVICE_FAMILY = "1,2";
			};
			name = Debug;
		};
		F31A8D7020705B840021406F /* Release */ = {
			isa = XCBuildConfiguration;
			buildSettings = {
				ALWAYS_SEARCH_USER_PATHS = NO;
				CLANG_ANALYZER_NONNULL = YES;
				CLANG_CXX_LANGUAGE_STANDARD = "gnu++0x";
				CLANG_CXX_LIBRARY = "libc++";
				CLANG_ENABLE_MODULES = YES;
				CLANG_ENABLE_OBJC_ARC = YES;
				CLANG_WARN_BOOL_CONVERSION = YES;
				CLANG_WARN_CONSTANT_CONVERSION = YES;
				CLANG_WARN_DIRECT_OBJC_ISA_USAGE = YES_ERROR;
				CLANG_WARN_DOCUMENTATION_COMMENTS = YES;
				CLANG_WARN_EMPTY_BODY = YES;
				CLANG_WARN_ENUM_CONVERSION = YES;
				CLANG_WARN_INFINITE_RECURSION = YES;
				CLANG_WARN_INT_CONVERSION = YES;
				CLANG_WARN_OBJC_ROOT_CLASS = YES_ERROR;
				CLANG_WARN_SUSPICIOUS_MOVE = YES;
				CLANG_WARN_UNREACHABLE_CODE = YES;
				CLANG_WARN__DUPLICATE_METHOD_MATCH = YES;
				"CODE_SIGN_IDENTITY[sdk=iphoneos*]" = "iPhone Developer";
				COPY_PHASE_STRIP = NO;
				DEBUG_INFORMATION_FORMAT = "dwarf-with-dsym";
				ENABLE_NS_ASSERTIONS = NO;
				ENABLE_STRICT_OBJC_MSGSEND = YES;
				GCC_C_LANGUAGE_STANDARD = gnu99;
				GCC_NO_COMMON_BLOCKS = YES;
				GCC_WARN_64_TO_32_BIT_CONVERSION = YES;
				GCC_WARN_ABOUT_RETURN_TYPE = YES_ERROR;
				GCC_WARN_UNDECLARED_SELECTOR = YES;
				GCC_WARN_UNINITIALIZED_AUTOS = YES_AGGRESSIVE;
				GCC_WARN_UNUSED_FUNCTION = YES;
				GCC_WARN_UNUSED_VARIABLE = YES;
				IPHONEOS_DEPLOYMENT_TARGET = 10.2;
				MTL_ENABLE_DEBUG_INFO = NO;
				SDKROOT = iphoneos;
				SWIFT_OPTIMIZATION_LEVEL = "-Owholemodule";
				TARGETED_DEVICE_FAMILY = "1,2";
				VALIDATE_PRODUCT = YES;
			};
			name = Release;
		};
		F31A8D7220705B840021406F /* Debug */ = {
			isa = XCBuildConfiguration;
			buildSettings = {
				ASSETCATALOG_COMPILER_APPICON_NAME = AppIcon;
				INFOPLIST_FILE = BuckIt/Info.plist;
				LD_RUNPATH_SEARCH_PATHS = "$(inherited) @executable_path/Frameworks";
				PRODUCT_BUNDLE_IDENTIFIER = LAHACKS.BuckIt;
				PRODUCT_NAME = "$(TARGET_NAME)";
				SWIFT_VERSION = 3.0;
			};
			name = Debug;
		};
		F31A8D7320705B840021406F /* Release */ = {
			isa = XCBuildConfiguration;
			buildSettings = {
				ASSETCATALOG_COMPILER_APPICON_NAME = AppIcon;
				INFOPLIST_FILE = BuckIt/Info.plist;
				LD_RUNPATH_SEARCH_PATHS = "$(inherited) @executable_path/Frameworks";
				PRODUCT_BUNDLE_IDENTIFIER = LAHACKS.BuckIt;
				PRODUCT_NAME = "$(TARGET_NAME)";
				SWIFT_VERSION = 3.0;
			};
			name = Release;
		};
		F31A8D7520705B840021406F /* Debug */ = {
			isa = XCBuildConfiguration;
			buildSettings = {
				ALWAYS_EMBED_SWIFT_STANDARD_LIBRARIES = YES;
				BUNDLE_LOADER = "$(TEST_HOST)";
				INFOPLIST_FILE = BuckItTests/Info.plist;
				LD_RUNPATH_SEARCH_PATHS = "$(inherited) @executable_path/Frameworks @loader_path/Frameworks";
				PRODUCT_BUNDLE_IDENTIFIER = LAHACKS.BuckItTests;
				PRODUCT_NAME = "$(TARGET_NAME)";
				SWIFT_VERSION = 3.0;
				TEST_HOST = "$(BUILT_PRODUCTS_DIR)/BuckIt.app/BuckIt";
			};
			name = Debug;
		};
		F31A8D7620705B840021406F /* Release */ = {
			isa = XCBuildConfiguration;
			buildSettings = {
				ALWAYS_EMBED_SWIFT_STANDARD_LIBRARIES = YES;
				BUNDLE_LOADER = "$(TEST_HOST)";
				INFOPLIST_FILE = BuckItTests/Info.plist;
				LD_RUNPATH_SEARCH_PATHS = "$(inherited) @executable_path/Frameworks @loader_path/Frameworks";
				PRODUCT_BUNDLE_IDENTIFIER = LAHACKS.BuckItTests;
				PRODUCT_NAME = "$(TARGET_NAME)";
				SWIFT_VERSION = 3.0;
				TEST_HOST = "$(BUILT_PRODUCTS_DIR)/BuckIt.app/BuckIt";
			};
			name = Release;
		};
		F31A8D7820705B840021406F /* Debug */ = {
			isa = XCBuildConfiguration;
			buildSettings = {
				ALWAYS_EMBED_SWIFT_STANDARD_LIBRARIES = YES;
				INFOPLIST_FILE = BuckItUITests/Info.plist;
				LD_RUNPATH_SEARCH_PATHS = "$(inherited) @executable_path/Frameworks @loader_path/Frameworks";
				PRODUCT_BUNDLE_IDENTIFIER = LAHACKS.BuckItUITests;
				PRODUCT_NAME = "$(TARGET_NAME)";
				SWIFT_VERSION = 3.0;
				TEST_TARGET_NAME = BuckIt;
			};
			name = Debug;
		};
		F31A8D7920705B840021406F /* Release */ = {
			isa = XCBuildConfiguration;
			buildSettings = {
				ALWAYS_EMBED_SWIFT_STANDARD_LIBRARIES = YES;
				INFOPLIST_FILE = BuckItUITests/Info.plist;
				LD_RUNPATH_SEARCH_PATHS = "$(inherited) @executable_path/Frameworks @loader_path/Frameworks";
				PRODUCT_BUNDLE_IDENTIFIER = LAHACKS.BuckItUITests;
				PRODUCT_NAME = "$(TARGET_NAME)";
				SWIFT_VERSION = 3.0;
				TEST_TARGET_NAME = BuckIt;
			};
			name = Release;
		};
/* End XCBuildConfiguration section */

/* Begin XCConfigurationList section */
		F31A8D4420705B830021406F /* Build configuration list for PBXProject "BuckIt" */ = {
			isa = XCConfigurationList;
			buildConfigurations = (
				F31A8D6F20705B840021406F /* Debug */,
				F31A8D7020705B840021406F /* Release */,
			);
			defaultConfigurationIsVisible = 0;
			defaultConfigurationName = Release;
		};
		F31A8D7120705B840021406F /* Build configuration list for PBXNativeTarget "BuckIt" */ = {
			isa = XCConfigurationList;
			buildConfigurations = (
				F31A8D7220705B840021406F /* Debug */,
				F31A8D7320705B840021406F /* Release */,
			);
			defaultConfigurationIsVisible = 0;
			defaultConfigurationName = Release;
		};
		F31A8D7420705B840021406F /* Build configuration list for PBXNativeTarget "BuckItTests" */ = {
			isa = XCConfigurationList;
			buildConfigurations = (
				F31A8D7520705B840021406F /* Debug */,
				F31A8D7620705B840021406F /* Release */,
			);
			defaultConfigurationIsVisible = 0;
			defaultConfigurationName = Release;
		};
		F31A8D7720705B840021406F /* Build configuration list for PBXNativeTarget "BuckItUITests" */ = {
			isa = XCConfigurationList;
			buildConfigurations = (
				F31A8D7820705B840021406F /* Debug */,
				F31A8D7920705B840021406F /* Release */,
			);
			defaultConfigurationIsVisible = 0;
			defaultConfigurationName = Release;
		};
/* End XCConfigurationList section */
	};
	rootObject = F31A8D4120705B830021406F /* Project object */;
}
